
Microsoft Visual Studio Solution File, Format Version 12.00
# Visual Studio Version 17
VisualStudioVersion = 17.0.31903.59
MinimumVisualStudioVersion = 10.0.40219.1
Project("{2150E333-8FDC-42A3-9474-1A3956D46DE8}") = "src", "src", "{3F64737C-074F-4229-943E-41822EF6E0F5}"
EndProject
Project("{FAE04EC0-301F-11D3-BF4B-00C04F79EFBC}") = "Chirp", "src\Chirp.razor\Chirp.csproj", "{BC54E309-EA36-47E0-852E-248B47C48BB3}"
EndProject
Project("{2150E333-8FDC-42A3-9474-1A3956D46DE8}") = "test", "test", "{3586FA51-721F-498F-A9AA-B2E543B05A6B}"
EndProject
Project("{FAE04EC0-301F-11D3-BF4B-00C04F79EFBC}") = "Chrip.razor.test", "test\Chrip.razor.test\Chrip.razor.test.csproj", "{7CF8BBE8-00A9-4FAE-A261-90C106E4DE0D}"
EndProject
Global
	GlobalSection(SolutionConfigurationPlatforms) = preSolution
		Debug|Any CPU = Debug|Any CPU
		Release|Any CPU = Release|Any CPU
	EndGlobalSection
	GlobalSection(SolutionProperties) = preSolution
		HideSolutionNode = FALSE
	EndGlobalSection
	GlobalSection(ProjectConfigurationPlatforms) = postSolution
		{BC54E309-EA36-47E0-852E-248B47C48BB3}.Debug|Any CPU.ActiveCfg = Debug|Any CPU
		{BC54E309-EA36-47E0-852E-248B47C48BB3}.Debug|Any CPU.Build.0 = Debug|Any CPU
		{BC54E309-EA36-47E0-852E-248B47C48BB3}.Release|Any CPU.ActiveCfg = Release|Any CPU
		{BC54E309-EA36-47E0-852E-248B47C48BB3}.Release|Any CPU.Build.0 = Release|Any CPU
		{7CF8BBE8-00A9-4FAE-A261-90C106E4DE0D}.Debug|Any CPU.ActiveCfg = Debug|Any CPU
		{7CF8BBE8-00A9-4FAE-A261-90C106E4DE0D}.Debug|Any CPU.Build.0 = Debug|Any CPU
		{7CF8BBE8-00A9-4FAE-A261-90C106E4DE0D}.Release|Any CPU.ActiveCfg = Release|Any CPU
		{7CF8BBE8-00A9-4FAE-A261-90C106E4DE0D}.Release|Any CPU.Build.0 = Release|Any CPU
	EndGlobalSection
	GlobalSection(NestedProjects) = preSolution
		{BC54E309-EA36-47E0-852E-248B47C48BB3} = {3F64737C-074F-4229-943E-41822EF6E0F5}
		{7CF8BBE8-00A9-4FAE-A261-90C106E4DE0D} = {3586FA51-721F-498F-A9AA-B2E543B05A6B}
	EndGlobalSection
EndGlobal
